
Microsoft Visual Studio Solution File, Format Version 12.00
# Visual Studio Version 16
VisualStudioVersion = 16.0.30907.101
MinimumVisualStudioVersion = 10.0.40219.1
Project("{2150E333-8FDC-42A3-9474-1A3956D46DE8}") = "Microservices", "Microservices", "{690C6C8A-8CFF-457D-A469-9F6D63F68A2E}"
EndProject
Project("{2150E333-8FDC-42A3-9474-1A3956D46DE8}") = "LogProcessor", "LogProcessor", "{BF68B0F2-4E16-49CF-B91D-1EC622CC2C05}"
EndProject
Project("{2150E333-8FDC-42A3-9474-1A3956D46DE8}") = "Shared", "Shared", "{3E7A4DFE-551C-46B8-8E57-C7C067A6C145}"
EndProject
Project("{9A19103F-16F7-4668-BE54-9A1E7A4F7556}") = "InventoryService", "MicroServices\InventoryService\InventoryService.csproj", "{2014A515-B30A-4526-8FDB-91BE5DCE53F6}"
EndProject
Project("{9A19103F-16F7-4668-BE54-9A1E7A4F7556}") = "ShippingService", "MicroServices\ShippingService\ShippingService.csproj", "{BF28E2C3-C697-495F-BBC8-9A5A8601279C}"
EndProject
Project("{9A19103F-16F7-4668-BE54-9A1E7A4F7556}") = "BankService", "MicroServices\BankService\BankService.csproj", "{B3F4641C-758F-4FA8-ACD1-CEE2FE043733}"
EndProject
Project("{9A19103F-16F7-4668-BE54-9A1E7A4F7556}") = "HttpEnricher", "Shared\HttpEnricher\HttpEnricher.csproj", "{FE6B26A7-F335-413B-912A-7B0C7847368A}"
EndProject
Project("{9A19103F-16F7-4668-BE54-9A1E7A4F7556}") = "Services.Shared", "Shared\Services.Shared\Services.Shared.csproj", "{DA8BBA76-0E45-4D55-9BD6-4C2E26C5527F}"
EndProject
Project("{9A19103F-16F7-4668-BE54-9A1E7A4F7556}") = "Automata", "LogProcessor\Automata\Automata.csproj", "{A7934886-50CB-4B33-95AE-61ECF7FBA198}"
EndProject
Project("{9A19103F-16F7-4668-BE54-9A1E7A4F7556}") = "LogProcessor", "LogProcessor\LogProcessor\LogProcessor.csproj", "{B601049B-F6B0-45F9-8D7B-5C10CB7C5A54}"
EndProject
Project("{9A19103F-16F7-4668-BE54-9A1E7A4F7556}") = "SessionTypes.Grammar", "LogProcessor\SessionTypes.Grammar\SessionTypes.Grammar.csproj", "{7D045E79-9D76-49CA-9F97-2149B922E287}"
EndProject
Project("{2150E333-8FDC-42A3-9474-1A3956D46DE8}") = "Gateway", "Gateway", "{F6F372D3-A8C1-4629-8AF6-DE146DB18A27}"
EndProject
Project("{9A19103F-16F7-4668-BE54-9A1E7A4F7556}") = "BuyerGateway.Client", "Gateway\BuyerGateway\Client\BuyerGateway.Client.csproj", "{DA542E86-F6BC-4203-AD30-22CA96D107B6}"
EndProject
Project("{9A19103F-16F7-4668-BE54-9A1E7A4F7556}") = "BuyerGateway.Server", "Gateway\BuyerGateway\Server\BuyerGateway.Server.csproj", "{C69CAE97-FA73-4AD1-B027-5D9D04799A35}"
EndProject
Project("{E53339B2-1760-4266-BCC7-CA923CBCF16C}") = "docker-compose", "docker-compose.dcproj", "{C40B1D1C-50DE-4B37-99F5-132D283A8101}"
EndProject
Project("{2150E333-8FDC-42A3-9474-1A3956D46DE8}") = "Solution Items", "Solution Items", "{2F833751-73A1-454A-AC23-4660A359B61A}"
	ProjectSection(SolutionItems) = preProject
		.gitignore = .gitignore
		README.md = README.md
	EndProjectSection
EndProject
Project("{9A19103F-16F7-4668-BE54-9A1E7A4F7556}") = "LogProcessor.Model", "LogProcessor\LogProcessor.Model\LogProcessor.Model.csproj", "{6BE26650-4EE1-44EF-964D-B7FA0AB0FEFA}"
EndProject
Project("{9A19103F-16F7-4668-BE54-9A1E7A4F7556}") = "UI.Server", "LogProcessor\UI\Server\UI.Server.csproj", "{EB20865D-B310-492F-8F11-9D76820C1F21}"
EndProject
Project("{9A19103F-16F7-4668-BE54-9A1E7A4F7556}") = "UI.Client", "LogProcessor\UI\Client\UI.Client.csproj", "{05A613A6-0C22-4B45-BAA9-082871A7EC08}"
	ProjectSection(ProjectDependencies) = postProject
		{B601049B-F6B0-45F9-8D7B-5C10CB7C5A54} = {B601049B-F6B0-45F9-8D7B-5C10CB7C5A54}
	EndProjectSection
EndProject
Project("{2150E333-8FDC-42A3-9474-1A3956D46DE8}") = "Benchmarks", "Benchmarks", "{99F09C3D-4078-4EA0-A9B9-83E20C9F1CDC}"
EndProject
Project("{888888A0-9F3D-457C-B088-3A5042F75D52}") = "Benchmarks", "Benchmarks\Benchmarks.pyproj", "{EB554F58-6790-4BED-AACB-F520598F8E83}"
EndProject
Global
	GlobalSection(SolutionConfigurationPlatforms) = preSolution
		Debug|Any CPU = Debug|Any CPU
		Release|Any CPU = Release|Any CPU
	EndGlobalSection
	GlobalSection(ProjectConfigurationPlatforms) = postSolution
		{2014A515-B30A-4526-8FDB-91BE5DCE53F6}.Debug|Any CPU.ActiveCfg = Debug|Any CPU
		{2014A515-B30A-4526-8FDB-91BE5DCE53F6}.Debug|Any CPU.Build.0 = Debug|Any CPU
		{2014A515-B30A-4526-8FDB-91BE5DCE53F6}.Release|Any CPU.ActiveCfg = Release|Any CPU
		{2014A515-B30A-4526-8FDB-91BE5DCE53F6}.Release|Any CPU.Build.0 = Release|Any CPU
		{BF28E2C3-C697-495F-BBC8-9A5A8601279C}.Debug|Any CPU.ActiveCfg = Debug|Any CPU
		{BF28E2C3-C697-495F-BBC8-9A5A8601279C}.Debug|Any CPU.Build.0 = Debug|Any CPU
		{BF28E2C3-C697-495F-BBC8-9A5A8601279C}.Release|Any CPU.ActiveCfg = Release|Any CPU
		{BF28E2C3-C697-495F-BBC8-9A5A8601279C}.Release|Any CPU.Build.0 = Release|Any CPU
		{B3F4641C-758F-4FA8-ACD1-CEE2FE043733}.Debug|Any CPU.ActiveCfg = Debug|Any CPU
		{B3F4641C-758F-4FA8-ACD1-CEE2FE043733}.Debug|Any CPU.Build.0 = Debug|Any CPU
		{B3F4641C-758F-4FA8-ACD1-CEE2FE043733}.Release|Any CPU.ActiveCfg = Release|Any CPU
		{B3F4641C-758F-4FA8-ACD1-CEE2FE043733}.Release|Any CPU.Build.0 = Release|Any CPU
		{FE6B26A7-F335-413B-912A-7B0C7847368A}.Debug|Any CPU.ActiveCfg = Debug|Any CPU
		{FE6B26A7-F335-413B-912A-7B0C7847368A}.Debug|Any CPU.Build.0 = Debug|Any CPU
		{FE6B26A7-F335-413B-912A-7B0C7847368A}.Release|Any CPU.ActiveCfg = Release|Any CPU
		{FE6B26A7-F335-413B-912A-7B0C7847368A}.Release|Any CPU.Build.0 = Release|Any CPU
		{DA8BBA76-0E45-4D55-9BD6-4C2E26C5527F}.Debug|Any CPU.ActiveCfg = Debug|Any CPU
		{DA8BBA76-0E45-4D55-9BD6-4C2E26C5527F}.Debug|Any CPU.Build.0 = Debug|Any CPU
		{DA8BBA76-0E45-4D55-9BD6-4C2E26C5527F}.Release|Any CPU.ActiveCfg = Release|Any CPU
		{DA8BBA76-0E45-4D55-9BD6-4C2E26C5527F}.Release|Any CPU.Build.0 = Release|Any CPU
		{A7934886-50CB-4B33-95AE-61ECF7FBA198}.Debug|Any CPU.ActiveCfg = Debug|Any CPU
		{A7934886-50CB-4B33-95AE-61ECF7FBA198}.Debug|Any CPU.Build.0 = Debug|Any CPU
		{A7934886-50CB-4B33-95AE-61ECF7FBA198}.Release|Any CPU.ActiveCfg = Release|Any CPU
		{A7934886-50CB-4B33-95AE-61ECF7FBA198}.Release|Any CPU.Build.0 = Release|Any CPU
		{B601049B-F6B0-45F9-8D7B-5C10CB7C5A54}.Debug|Any CPU.ActiveCfg = Debug|Any CPU
		{B601049B-F6B0-45F9-8D7B-5C10CB7C5A54}.Debug|Any CPU.Build.0 = Debug|Any CPU
		{B601049B-F6B0-45F9-8D7B-5C10CB7C5A54}.Release|Any CPU.ActiveCfg = Release|Any CPU
		{B601049B-F6B0-45F9-8D7B-5C10CB7C5A54}.Release|Any CPU.Build.0 = Release|Any CPU
		{7D045E79-9D76-49CA-9F97-2149B922E287}.Debug|Any CPU.ActiveCfg = Debug|Any CPU
		{7D045E79-9D76-49CA-9F97-2149B922E287}.Debug|Any CPU.Build.0 = Debug|Any CPU
		{7D045E79-9D76-49CA-9F97-2149B922E287}.Release|Any CPU.ActiveCfg = Release|Any CPU
		{7D045E79-9D76-49CA-9F97-2149B922E287}.Release|Any CPU.Build.0 = Release|Any CPU
		{DA542E86-F6BC-4203-AD30-22CA96D107B6}.Debug|Any CPU.ActiveCfg = Debug|Any CPU
		{DA542E86-F6BC-4203-AD30-22CA96D107B6}.Debug|Any CPU.Build.0 = Debug|Any CPU
		{DA542E86-F6BC-4203-AD30-22CA96D107B6}.Release|Any CPU.ActiveCfg = Release|Any CPU
		{DA542E86-F6BC-4203-AD30-22CA96D107B6}.Release|Any CPU.Build.0 = Release|Any CPU
		{C69CAE97-FA73-4AD1-B027-5D9D04799A35}.Debug|Any CPU.ActiveCfg = Debug|Any CPU
		{C69CAE97-FA73-4AD1-B027-5D9D04799A35}.Debug|Any CPU.Build.0 = Debug|Any CPU
		{C69CAE97-FA73-4AD1-B027-5D9D04799A35}.Release|Any CPU.ActiveCfg = Release|Any CPU
		{C69CAE97-FA73-4AD1-B027-5D9D04799A35}.Release|Any CPU.Build.0 = Release|Any CPU
		{C40B1D1C-50DE-4B37-99F5-132D283A8101}.Debug|Any CPU.ActiveCfg = Debug|Any CPU
		{C40B1D1C-50DE-4B37-99F5-132D283A8101}.Debug|Any CPU.Build.0 = Debug|Any CPU
		{C40B1D1C-50DE-4B37-99F5-132D283A8101}.Release|Any CPU.ActiveCfg = Release|Any CPU
		{C40B1D1C-50DE-4B37-99F5-132D283A8101}.Release|Any CPU.Build.0 = Release|Any CPU
		{6BE26650-4EE1-44EF-964D-B7FA0AB0FEFA}.Debug|Any CPU.ActiveCfg = Debug|Any CPU
		{6BE26650-4EE1-44EF-964D-B7FA0AB0FEFA}.Debug|Any CPU.Build.0 = Debug|Any CPU
		{6BE26650-4EE1-44EF-964D-B7FA0AB0FEFA}.Release|Any CPU.ActiveCfg = Release|Any CPU
		{6BE26650-4EE1-44EF-964D-B7FA0AB0FEFA}.Release|Any CPU.Build.0 = Release|Any CPU
		{EB20865D-B310-492F-8F11-9D76820C1F21}.Debug|Any CPU.ActiveCfg = Debug|Any CPU
		{EB20865D-B310-492F-8F11-9D76820C1F21}.Debug|Any CPU.Build.0 = Debug|Any CPU
		{EB20865D-B310-492F-8F11-9D76820C1F21}.Release|Any CPU.ActiveCfg = Release|Any CPU
		{EB20865D-B310-492F-8F11-9D76820C1F21}.Release|Any CPU.Build.0 = Release|Any CPU
		{05A613A6-0C22-4B45-BAA9-082871A7EC08}.Debug|Any CPU.ActiveCfg = Debug|Any CPU
		{05A613A6-0C22-4B45-BAA9-082871A7EC08}.Debug|Any CPU.Build.0 = Debug|Any CPU
		{05A613A6-0C22-4B45-BAA9-082871A7EC08}.Release|Any CPU.ActiveCfg = Release|Any CPU
		{05A613A6-0C22-4B45-BAA9-082871A7EC08}.Release|Any CPU.Build.0 = Release|Any CPU
		{EB554F58-6790-4BED-AACB-F520598F8E83}.Debug|Any CPU.ActiveCfg = Debug|Any CPU
		{EB554F58-6790-4BED-AACB-F520598F8E83}.Release|Any CPU.ActiveCfg = Release|Any CPU
	EndGlobalSection
	GlobalSection(SolutionProperties) = preSolution
		HideSolutionNode = FALSE
	EndGlobalSection
	GlobalSection(NestedProjects) = preSolution
		{2014A515-B30A-4526-8FDB-91BE5DCE53F6} = {690C6C8A-8CFF-457D-A469-9F6D63F68A2E}
		{BF28E2C3-C697-495F-BBC8-9A5A8601279C} = {690C6C8A-8CFF-457D-A469-9F6D63F68A2E}
		{B3F4641C-758F-4FA8-ACD1-CEE2FE043733} = {690C6C8A-8CFF-457D-A469-9F6D63F68A2E}
		{FE6B26A7-F335-413B-912A-7B0C7847368A} = {3E7A4DFE-551C-46B8-8E57-C7C067A6C145}
		{DA8BBA76-0E45-4D55-9BD6-4C2E26C5527F} = {3E7A4DFE-551C-46B8-8E57-C7C067A6C145}
		{A7934886-50CB-4B33-95AE-61ECF7FBA198} = {BF68B0F2-4E16-49CF-B91D-1EC622CC2C05}
		{B601049B-F6B0-45F9-8D7B-5C10CB7C5A54} = {BF68B0F2-4E16-49CF-B91D-1EC622CC2C05}
		{7D045E79-9D76-49CA-9F97-2149B922E287} = {BF68B0F2-4E16-49CF-B91D-1EC622CC2C05}
		{DA542E86-F6BC-4203-AD30-22CA96D107B6} = {F6F372D3-A8C1-4629-8AF6-DE146DB18A27}
		{C69CAE97-FA73-4AD1-B027-5D9D04799A35} = {F6F372D3-A8C1-4629-8AF6-DE146DB18A27}
		{6BE26650-4EE1-44EF-964D-B7FA0AB0FEFA} = {BF68B0F2-4E16-49CF-B91D-1EC622CC2C05}
		{EB20865D-B310-492F-8F11-9D76820C1F21} = {BF68B0F2-4E16-49CF-B91D-1EC622CC2C05}
		{05A613A6-0C22-4B45-BAA9-082871A7EC08} = {BF68B0F2-4E16-49CF-B91D-1EC622CC2C05}
		{EB554F58-6790-4BED-AACB-F520598F8E83} = {99F09C3D-4078-4EA0-A9B9-83E20C9F1CDC}
	EndGlobalSection
	GlobalSection(ExtensibilityGlobals) = postSolution
		SolutionGuid = {4ADA7415-72A3-4D62-ADE5-E8AF1387668B}
	EndGlobalSection
EndGlobal
